
Microsoft Visual Studio Solution File, Format Version 12.00
# Visual Studio Version 17
VisualStudioVersion = 17.9.34728.123
MinimumVisualStudioVersion = 10.0.40219.1
Project("{9A19103F-16F7-4668-BE54-9A1E7A4F7556}") = "MeterApi", "MeterApi.csproj", "{B6E80EF6-5ADF-4653-AAD0-16B97488119B}"
EndProject
Project("{2150E333-8FDC-42A3-9474-1A3956D46DE8}") = "SolutionItems", "SolutionItems", "{812BF773-F0CD-4A74-B4B4-339230E0F1E1}"
	ProjectSection(SolutionItems) = preProject
		SolutionItems\Test_Accounts.ods = SolutionItems\Test_Accounts.ods
	EndProjectSection
EndProject
Project("{9A19103F-16F7-4668-BE54-9A1E7A4F7556}") = "MeterDataLayer", "MeterDataLayer\MeterDataLayer.csproj", "{B991858A-D89F-42AB-B206-1E27571BF945}"
EndProject
Project("{9A19103F-16F7-4668-BE54-9A1E7A4F7556}") = "MeterShared", "MeterShared\MeterShared.csproj", "{4AFB984C-EDA2-443C-8A66-3218BC834F8C}"
EndProject
Project("{FAE04EC0-301F-11D3-BF4B-00C04F79EFBC}") = "MeterTests", "..\MeterTests\MeterTests.csproj", "{FB2F57ED-7385-4D84-8DE9-54D398F7B724}"
EndProject
Global
	GlobalSection(SolutionConfigurationPlatforms) = preSolution
		Debug|Any CPU = Debug|Any CPU
		Release|Any CPU = Release|Any CPU
	EndGlobalSection
	GlobalSection(ProjectConfigurationPlatforms) = postSolution
		{B6E80EF6-5ADF-4653-AAD0-16B97488119B}.Debug|Any CPU.ActiveCfg = Debug|Any CPU
		{B6E80EF6-5ADF-4653-AAD0-16B97488119B}.Debug|Any CPU.Build.0 = Debug|Any CPU
		{B6E80EF6-5ADF-4653-AAD0-16B97488119B}.Release|Any CPU.ActiveCfg = Release|Any CPU
		{B6E80EF6-5ADF-4653-AAD0-16B97488119B}.Release|Any CPU.Build.0 = Release|Any CPU
		{B991858A-D89F-42AB-B206-1E27571BF945}.Debug|Any CPU.ActiveCfg = Debug|Any CPU
		{B991858A-D89F-42AB-B206-1E27571BF945}.Debug|Any CPU.Build.0 = Debug|Any CPU
		{B991858A-D89F-42AB-B206-1E27571BF945}.Release|Any CPU.ActiveCfg = Release|Any CPU
		{B991858A-D89F-42AB-B206-1E27571BF945}.Release|Any CPU.Build.0 = Release|Any CPU
		{4AFB984C-EDA2-443C-8A66-3218BC834F8C}.Debug|Any CPU.ActiveCfg = Debug|Any CPU
		{4AFB984C-EDA2-443C-8A66-3218BC834F8C}.Debug|Any CPU.Build.0 = Debug|Any CPU
		{4AFB984C-EDA2-443C-8A66-3218BC834F8C}.Release|Any CPU.ActiveCfg = Release|Any CPU
		{4AFB984C-EDA2-443C-8A66-3218BC834F8C}.Release|Any CPU.Build.0 = Release|Any CPU
		{FB2F57ED-7385-4D84-8DE9-54D398F7B724}.Debug|Any CPU.ActiveCfg = Debug|Any CPU
		{FB2F57ED-7385-4D84-8DE9-54D398F7B724}.Debug|Any CPU.Build.0 = Debug|Any CPU
		{FB2F57ED-7385-4D84-8DE9-54D398F7B724}.Release|Any CPU.ActiveCfg = Release|Any CPU
		{FB2F57ED-7385-4D84-8DE9-54D398F7B724}.Release|Any CPU.Build.0 = Release|Any CPU
	EndGlobalSection
	GlobalSection(SolutionProperties) = preSolution
		HideSolutionNode = FALSE
	EndGlobalSection
	GlobalSection(ExtensibilityGlobals) = postSolution
		SolutionGuid = {6868C12F-2123-4E05-8067-3863F95F2FDD}
	EndGlobalSection
EndGlobal
